// !$*UTF8*$!
{
	archiveVersion = 1;
	classes = {
	};
	objectVersion = 46;
	objects = {

/* Begin PBXBuildFile section */
		1AA16DD81796A86E00F59F7C /* libUAirship-1.4.0.a in Frameworks */ = {isa = PBXBuildFile; fileRef = 1AA16DD51796A86E00F59F7C /* libUAirship-1.4.0.a */; };
		1AA16DD91796A86E00F59F7C /* UAAppDelegateSurrogate.m in Sources */ = {isa = PBXBuildFile; fileRef = 1AA16DD71796A86E00F59F7C /* UAAppDelegateSurrogate.m */; };
		1AF827B31796CD2A00588D54 /* AirshipConfig.plist in Resources */ = {isa = PBXBuildFile; fileRef = 1AF827B21796CD2A00588D54 /* AirshipConfig.plist */; };
		B31B6D5215C13D5200854074 /* Foundation.framework in Frameworks */ = {isa = PBXBuildFile; fileRef = B31B6D5115C13D5200854074 /* Foundation.framework */; };
		B31B6D6F15C1467100854074 /* CoreFoundation.framework in Frameworks */ = {isa = PBXBuildFile; fileRef = B31B6D6E15C1467100854074 /* CoreFoundation.framework */; };
		B37C3A5D162717A200B50A60 /* ForgeCore.framework in Frameworks */ = {isa = PBXBuildFile; fileRef = B37C3A5C162717A200B50A60 /* ForgeCore.framework */; };
		B3CC61F21716ECB500A1A8EF /* urbanairship_API.m in Sources */ = {isa = PBXBuildFile; fileRef = B3CC61F01716ECB500A1A8EF /* urbanairship_API.m */; };
		B3CC61F41716ECBB00A1A8EF /* urbanairship_EventListener.m in Sources */ = {isa = PBXBuildFile; fileRef = B3CC61F31716ECBB00A1A8EF /* urbanairship_EventListener.m */; };
		B3FC51F815C151E5003574D9 /* UIKit.framework in Frameworks */ = {isa = PBXBuildFile; fileRef = B3FC51F715C151E5003574D9 /* UIKit.framework */; };
		B3FC51FF15C1523D003574D9 /* CoreGraphics.framework in Frameworks */ = {isa = PBXBuildFile; fileRef = B3FC51FE15C1523D003574D9 /* CoreGraphics.framework */; };
		B3FC524215C177EA003574D9 /* AssetsLibrary.framework in Frameworks */ = {isa = PBXBuildFile; fileRef = B3FC524115C177EA003574D9 /* AssetsLibrary.framework */; };
		B3FC524815C17B2C003574D9 /* SystemConfiguration.framework in Frameworks */ = {isa = PBXBuildFile; fileRef = B3FC524715C17B2C003574D9 /* SystemConfiguration.framework */; };
/* End PBXBuildFile section */

/* Begin PBXFileReference section */
		1AA16D781796A86E00F59F7C /* UAAnalytics.h */ = {isa = PBXFileReference; fileEncoding = 4; lastKnownFileType = sourcecode.c.h; path = UAAnalytics.h; sourceTree = "<group>"; };
		1AA16D791796A86E00F59F7C /* UAAnalyticsDBManager.h */ = {isa = PBXFileReference; fileEncoding = 4; lastKnownFileType = sourcecode.c.h; path = UAAnalyticsDBManager.h; sourceTree = "<group>"; };
		1AA16D7A1796A86E00F59F7C /* UAAsycImageView.h */ = {isa = PBXFileReference; fileEncoding = 4; lastKnownFileType = sourcecode.c.h; path = UAAsycImageView.h; sourceTree = "<group>"; };
		1AA16D7B1796A86E00F59F7C /* UABarButtonSegmentedControl.h */ = {isa = PBXFileReference; fileEncoding = 4; lastKnownFileType = sourcecode.c.h; path = UABarButtonSegmentedControl.h; sourceTree = "<group>"; };
		1AA16D7C1796A86E00F59F7C /* UABaseLocationProvider.h */ = {isa = PBXFileReference; fileEncoding = 4; lastKnownFileType = sourcecode.c.h; path = UABaseLocationProvider.h; sourceTree = "<group>"; };
		1AA16D7D1796A86E00F59F7C /* UAContentURLCache.h */ = {isa = PBXFileReference; fileEncoding = 4; lastKnownFileType = sourcecode.c.h; path = UAContentURLCache.h; sourceTree = "<group>"; };
		1AA16D7E1796A86E00F59F7C /* UADateUtils.h */ = {isa = PBXFileReference; fileEncoding = 4; lastKnownFileType = sourcecode.c.h; path = UADateUtils.h; sourceTree = "<group>"; };
		1AA16D7F1796A86E00F59F7C /* UADownloadContent.h */ = {isa = PBXFileReference; fileEncoding = 4; lastKnownFileType = sourcecode.c.h; path = UADownloadContent.h; sourceTree = "<group>"; };
		1AA16D801796A86E00F59F7C /* UADownloadManager.h */ = {isa = PBXFileReference; fileEncoding = 4; lastKnownFileType = sourcecode.c.h; path = UADownloadManager.h; sourceTree = "<group>"; };
		1AA16D811796A86E00F59F7C /* UAEvent.h */ = {isa = PBXFileReference; fileEncoding = 4; lastKnownFileType = sourcecode.c.h; path = UAEvent.h; sourceTree = "<group>"; };
		1AA16D821796A86E00F59F7C /* UAGlobal.h */ = {isa = PBXFileReference; fileEncoding = 4; lastKnownFileType = sourcecode.c.h; path = UAGlobal.h; sourceTree = "<group>"; };
		1AA16D831796A86E00F59F7C /* UAHTTPConnection.h */ = {isa = PBXFileReference; fileEncoding = 4; lastKnownFileType = sourcecode.c.h; path = UAHTTPConnection.h; sourceTree = "<group>"; };
		1AA16D841796A86E00F59F7C /* UAKeychainUtils.h */ = {isa = PBXFileReference; fileEncoding = 4; lastKnownFileType = sourcecode.c.h; path = UAKeychainUtils.h; sourceTree = "<group>"; };
		1AA16D851796A86E00F59F7C /* UALocalStorageDirectory.h */ = {isa = PBXFileReference; fileEncoding = 4; lastKnownFileType = sourcecode.c.h; path = UALocalStorageDirectory.h; sourceTree = "<group>"; };
		1AA16D861796A86E00F59F7C /* UALocationCommonValues.h */ = {isa = PBXFileReference; fileEncoding = 4; lastKnownFileType = sourcecode.c.h; path = UALocationCommonValues.h; sourceTree = "<group>"; };
		1AA16D871796A86E00F59F7C /* UALocationEvent.h */ = {isa = PBXFileReference; fileEncoding = 4; lastKnownFileType = sourcecode.c.h; path = UALocationEvent.h; sourceTree = "<group>"; };
		1AA16D881796A86E00F59F7C /* UALocationProviderDelegate.h */ = {isa = PBXFileReference; fileEncoding = 4; lastKnownFileType = sourcecode.c.h; path = UALocationProviderDelegate.h; sourceTree = "<group>"; };
		1AA16D891796A86E00F59F7C /* UALocationProviderProtocol.h */ = {isa = PBXFileReference; fileEncoding = 4; lastKnownFileType = sourcecode.c.h; path = UALocationProviderProtocol.h; sourceTree = "<group>"; };
		1AA16D8A1796A86E00F59F7C /* UALocationService.h */ = {isa = PBXFileReference; fileEncoding = 4; lastKnownFileType = sourcecode.c.h; path = UALocationService.h; sourceTree = "<group>"; };
		1AA16D8B1796A86E00F59F7C /* UAObservable.h */ = {isa = PBXFileReference; fileEncoding = 4; lastKnownFileType = sourcecode.c.h; path = UAObservable.h; sourceTree = "<group>"; };
		1AA16D8C1796A86E00F59F7C /* UASignificantChangeProvider.h */ = {isa = PBXFileReference; fileEncoding = 4; lastKnownFileType = sourcecode.c.h; path = UASignificantChangeProvider.h; sourceTree = "<group>"; };
		1AA16D8D1796A86E00F59F7C /* UASQLite.h */ = {isa = PBXFileReference; fileEncoding = 4; lastKnownFileType = sourcecode.c.h; path = UASQLite.h; sourceTree = "<group>"; };
		1AA16D8E1796A86E00F59F7C /* UAStandardLocationProvider.h */ = {isa = PBXFileReference; fileEncoding = 4; lastKnownFileType = sourcecode.c.h; path = UAStandardLocationProvider.h; sourceTree = "<group>"; };
		1AA16D8F1796A86E00F59F7C /* UATagUtils.h */ = {isa = PBXFileReference; fileEncoding = 4; lastKnownFileType = sourcecode.c.h; path = UATagUtils.h; sourceTree = "<group>"; };
		1AA16D901796A86E00F59F7C /* UAUser.h */ = {isa = PBXFileReference; fileEncoding = 4; lastKnownFileType = sourcecode.c.h; path = UAUser.h; sourceTree = "<group>"; };
		1AA16D911796A86E00F59F7C /* UAUtils.h */ = {isa = PBXFileReference; fileEncoding = 4; lastKnownFileType = sourcecode.c.h; path = UAUtils.h; sourceTree = "<group>"; };
		1AA16D921796A86E00F59F7C /* UAViewUtils.h */ = {isa = PBXFileReference; fileEncoding = 4; lastKnownFileType = sourcecode.c.h; path = UAViewUtils.h; sourceTree = "<group>"; };
		1AA16D951796A86E00F59F7C /* UA_ASIAuthenticationDialog.h */ = {isa = PBXFileReference; fileEncoding = 4; lastKnownFileType = sourcecode.c.h; path = UA_ASIAuthenticationDialog.h; sourceTree = "<group>"; };
		1AA16D961796A86E00F59F7C /* UA_ASICacheDelegate.h */ = {isa = PBXFileReference; fileEncoding = 4; lastKnownFileType = sourcecode.c.h; path = UA_ASICacheDelegate.h; sourceTree = "<group>"; };
		1AA16D971796A86E00F59F7C /* UA_ASIDataCompressor.h */ = {isa = PBXFileReference; fileEncoding = 4; lastKnownFileType = sourcecode.c.h; path = UA_ASIDataCompressor.h; sourceTree = "<group>"; };
		1AA16D981796A86E00F59F7C /* UA_ASIDataDecompressor.h */ = {isa = PBXFileReference; fileEncoding = 4; lastKnownFileType = sourcecode.c.h; path = UA_ASIDataDecompressor.h; sourceTree = "<group>"; };
		1AA16D991796A86E00F59F7C /* UA_ASIDownloadCache.h */ = {isa = PBXFileReference; fileEncoding = 4; lastKnownFileType = sourcecode.c.h; path = UA_ASIDownloadCache.h; sourceTree = "<group>"; };
		1AA16D9A1796A86E00F59F7C /* UA_ASIFormDataRequest.h */ = {isa = PBXFileReference; fileEncoding = 4; lastKnownFileType = sourcecode.c.h; path = UA_ASIFormDataRequest.h; sourceTree = "<group>"; };
		1AA16D9B1796A86E00F59F7C /* UA_ASIHTTPRequest.h */ = {isa = PBXFileReference; fileEncoding = 4; lastKnownFileType = sourcecode.c.h; path = UA_ASIHTTPRequest.h; sourceTree = "<group>"; };
		1AA16D9C1796A86E00F59F7C /* UA_ASIHTTPRequestConfig.h */ = {isa = PBXFileReference; fileEncoding = 4; lastKnownFileType = sourcecode.c.h; path = UA_ASIHTTPRequestConfig.h; sourceTree = "<group>"; };
		1AA16D9D1796A86E00F59F7C /* UA_ASIHTTPRequestDelegate.h */ = {isa = PBXFileReference; fileEncoding = 4; lastKnownFileType = sourcecode.c.h; path = UA_ASIHTTPRequestDelegate.h; sourceTree = "<group>"; };
		1AA16D9E1796A86E00F59F7C /* UA_ASIInputStream.h */ = {isa = PBXFileReference; fileEncoding = 4; lastKnownFileType = sourcecode.c.h; path = UA_ASIInputStream.h; sourceTree = "<group>"; };
		1AA16D9F1796A86E00F59F7C /* UA_ASINetworkQueue.h */ = {isa = PBXFileReference; fileEncoding = 4; lastKnownFileType = sourcecode.c.h; path = UA_ASINetworkQueue.h; sourceTree = "<group>"; };
		1AA16DA01796A86E00F59F7C /* UA_ASIProgressDelegate.h */ = {isa = PBXFileReference; fileEncoding = 4; lastKnownFileType = sourcecode.c.h; path = UA_ASIProgressDelegate.h; sourceTree = "<group>"; };
		1AA16DA11796A86E00F59F7C /* UA_Base64.h */ = {isa = PBXFileReference; fileEncoding = 4; lastKnownFileType = sourcecode.c.h; path = UA_Base64.h; sourceTree = "<group>"; };
		1AA16DA31796A86E00F59F7C /* UA_FMDatabase.h */ = {isa = PBXFileReference; fileEncoding = 4; lastKnownFileType = sourcecode.c.h; path = UA_FMDatabase.h; sourceTree = "<group>"; };
		1AA16DA41796A86E00F59F7C /* UA_FMResultSet.h */ = {isa = PBXFileReference; fileEncoding = 4; lastKnownFileType = sourcecode.c.h; path = UA_FMResultSet.h; sourceTree = "<group>"; };
		1AA16DA61796A86E00F59F7C /* UA_SBJSON.h */ = {isa = PBXFileReference; fileEncoding = 4; lastKnownFileType = sourcecode.c.h; path = UA_SBJSON.h; sourceTree = "<group>"; };
		1AA16DA71796A86E00F59F7C /* UA_SBJsonBase.h */ = {isa = PBXFileReference; fileEncoding = 4; lastKnownFileType = sourcecode.c.h; path = UA_SBJsonBase.h; sourceTree = "<group>"; };
		1AA16DA81796A86E00F59F7C /* UA_SBJsonParser.h */ = {isa = PBXFileReference; fileEncoding = 4; lastKnownFileType = sourcecode.c.h; path = UA_SBJsonParser.h; sourceTree = "<group>"; };
		1AA16DA91796A86E00F59F7C /* UA_SBJsonWriter.h */ = {isa = PBXFileReference; fileEncoding = 4; lastKnownFileType = sourcecode.c.h; path = UA_SBJsonWriter.h; sourceTree = "<group>"; };
		1AA16DAA1796A86E00F59F7C /* UA_Reachability.h */ = {isa = PBXFileReference; fileEncoding = 4; lastKnownFileType = sourcecode.c.h; path = UA_Reachability.h; sourceTree = "<group>"; };
		1AA16DAC1796A86E00F59F7C /* UA_crypt.h */ = {isa = PBXFileReference; fileEncoding = 4; lastKnownFileType = sourcecode.c.h; path = UA_crypt.h; sourceTree = "<group>"; };
		1AA16DAE1796A86E00F59F7C /* UA_ioapi.h */ = {isa = PBXFileReference; fileEncoding = 4; lastKnownFileType = sourcecode.c.h; path = UA_ioapi.h; sourceTree = "<group>"; };
		1AA16DAF1796A86E00F59F7C /* UA_mztools.h */ = {isa = PBXFileReference; fileEncoding = 4; lastKnownFileType = sourcecode.c.h; path = UA_mztools.h; sourceTree = "<group>"; };
		1AA16DB01796A86E00F59F7C /* UA_unzip.h */ = {isa = PBXFileReference; fileEncoding = 4; lastKnownFileType = sourcecode.c.h; path = UA_unzip.h; sourceTree = "<group>"; };
		1AA16DB11796A86E00F59F7C /* UA_zconf.h */ = {isa = PBXFileReference; fileEncoding = 4; lastKnownFileType = sourcecode.c.h; path = UA_zconf.h; sourceTree = "<group>"; };
		1AA16DB21796A86E00F59F7C /* UA_zip.h */ = {isa = PBXFileReference; fileEncoding = 4; lastKnownFileType = sourcecode.c.h; path = UA_zip.h; sourceTree = "<group>"; };
		1AA16DB31796A86E00F59F7C /* UA_ZipArchive.h */ = {isa = PBXFileReference; fileEncoding = 4; lastKnownFileType = sourcecode.c.h; path = UA_ZipArchive.h; sourceTree = "<group>"; };
		1AA16DB61796A86E00F59F7C /* UAirship.h */ = {isa = PBXFileReference; fileEncoding = 4; lastKnownFileType = sourcecode.c.h; path = UAirship.h; sourceTree = "<group>"; };
		1AA16DB81796A86E00F59F7C /* UAInbox.h */ = {isa = PBXFileReference; fileEncoding = 4; lastKnownFileType = sourcecode.c.h; path = UAInbox.h; sourceTree = "<group>"; };
		1AA16DB91796A86E00F59F7C /* UAInboxDBManager.h */ = {isa = PBXFileReference; fileEncoding = 4; lastKnownFileType = sourcecode.c.h; path = UAInboxDBManager.h; sourceTree = "<group>"; };
		1AA16DBA1796A86E00F59F7C /* UAInboxDefaultJSDelegate.h */ = {isa = PBXFileReference; fileEncoding = 4; lastKnownFileType = sourcecode.c.h; path = UAInboxDefaultJSDelegate.h; sourceTree = "<group>"; };
		1AA16DBB1796A86E00F59F7C /* UAInboxMessage.h */ = {isa = PBXFileReference; fileEncoding = 4; lastKnownFileType = sourcecode.c.h; path = UAInboxMessage.h; sourceTree = "<group>"; };
		1AA16DBC1796A86E00F59F7C /* UAInboxMessageList.h */ = {isa = PBXFileReference; fileEncoding = 4; lastKnownFileType = sourcecode.c.h; path = UAInboxMessageList.h; sourceTree = "<group>"; };
		1AA16DBD1796A86E00F59F7C /* UAInboxMessageListObserver.h */ = {isa = PBXFileReference; fileEncoding = 4; lastKnownFileType = sourcecode.c.h; path = UAInboxMessageListObserver.h; sourceTree = "<group>"; };
		1AA16DBE1796A86E00F59F7C /* UAInboxPushHandler.h */ = {isa = PBXFileReference; fileEncoding = 4; lastKnownFileType = sourcecode.c.h; path = UAInboxPushHandler.h; sourceTree = "<group>"; };
		1AA16DBF1796A86E00F59F7C /* UAInboxURLCache.h */ = {isa = PBXFileReference; fileEncoding = 4; lastKnownFileType = sourcecode.c.h; path = UAInboxURLCache.h; sourceTree = "<group>"; };
		1AA16DC11796A86E00F59F7C /* UAPush.h */ = {isa = PBXFileReference; fileEncoding = 4; lastKnownFileType = sourcecode.c.h; path = UAPush.h; sourceTree = "<group>"; };
		1AA16DC31796A86E00F59F7C /* UAInventory.h */ = {isa = PBXFileReference; fileEncoding = 4; lastKnownFileType = sourcecode.c.h; path = UAInventory.h; sourceTree = "<group>"; };
		1AA16DC41796A86E00F59F7C /* UAProduct.h */ = {isa = PBXFileReference; fileEncoding = 4; lastKnownFileType = sourcecode.c.h; path = UAProduct.h; sourceTree = "<group>"; };
		1AA16DC51796A86E00F59F7C /* UAStoreFront.h */ = {isa = PBXFileReference; fileEncoding = 4; lastKnownFileType = sourcecode.c.h; path = UAStoreFront.h; sourceTree = "<group>"; };
		1AA16DC61796A86E00F59F7C /* UAStoreFrontAlertProtocol.h */ = {isa = PBXFileReference; fileEncoding = 4; lastKnownFileType = sourcecode.c.h; path = UAStoreFrontAlertProtocol.h; sourceTree = "<group>"; };
		1AA16DC71796A86E00F59F7C /* UAStoreFrontDelegate.h */ = {isa = PBXFileReference; fileEncoding = 4; lastKnownFileType = sourcecode.c.h; path = UAStoreFrontDelegate.h; sourceTree = "<group>"; };
		1AA16DC81796A86E00F59F7C /* UAStoreFrontDownloadManager.h */ = {isa = PBXFileReference; fileEncoding = 4; lastKnownFileType = sourcecode.c.h; path = UAStoreFrontDownloadManager.h; sourceTree = "<group>"; };
		1AA16DC91796A86E00F59F7C /* UAStoreKitObserver.h */ = {isa = PBXFileReference; fileEncoding = 4; lastKnownFileType = sourcecode.c.h; path = UAStoreKitObserver.h; sourceTree = "<group>"; };
		1AA16DCB1796A86E00F59F7C /* UAContentInventory.h */ = {isa = PBXFileReference; fileEncoding = 4; lastKnownFileType = sourcecode.c.h; path = UAContentInventory.h; sourceTree = "<group>"; };
		1AA16DCC1796A86E00F59F7C /* UAProductInventory.h */ = {isa = PBXFileReference; fileEncoding = 4; lastKnownFileType = sourcecode.c.h; path = UAProductInventory.h; sourceTree = "<group>"; };
		1AA16DCD1796A86E00F59F7C /* UASubscription.h */ = {isa = PBXFileReference; fileEncoding = 4; lastKnownFileType = sourcecode.c.h; path = UASubscription.h; sourceTree = "<group>"; };
		1AA16DCE1796A86E00F59F7C /* UASubscriptionAlertProtocol.h */ = {isa = PBXFileReference; fileEncoding = 4; lastKnownFileType = sourcecode.c.h; path = UASubscriptionAlertProtocol.h; sourceTree = "<group>"; };
		1AA16DCF1796A86E00F59F7C /* UASubscriptionContent.h */ = {isa = PBXFileReference; fileEncoding = 4; lastKnownFileType = sourcecode.c.h; path = UASubscriptionContent.h; sourceTree = "<group>"; };
		1AA16DD01796A86E00F59F7C /* UASubscriptionDownloadManager.h */ = {isa = PBXFileReference; fileEncoding = 4; lastKnownFileType = sourcecode.c.h; path = UASubscriptionDownloadManager.h; sourceTree = "<group>"; };
		1AA16DD11796A86E00F59F7C /* UASubscriptionInventory.h */ = {isa = PBXFileReference; fileEncoding = 4; lastKnownFileType = sourcecode.c.h; path = UASubscriptionInventory.h; sourceTree = "<group>"; };
		1AA16DD21796A86E00F59F7C /* UASubscriptionManager.h */ = {isa = PBXFileReference; fileEncoding = 4; lastKnownFileType = sourcecode.c.h; path = UASubscriptionManager.h; sourceTree = "<group>"; };
		1AA16DD31796A86E00F59F7C /* UASubscriptionObserver.h */ = {isa = PBXFileReference; fileEncoding = 4; lastKnownFileType = sourcecode.c.h; path = UASubscriptionObserver.h; sourceTree = "<group>"; };
		1AA16DD41796A86E00F59F7C /* UASubscriptionProduct.h */ = {isa = PBXFileReference; fileEncoding = 4; lastKnownFileType = sourcecode.c.h; path = UASubscriptionProduct.h; sourceTree = "<group>"; };
		1AA16DD51796A86E00F59F7C /* libUAirship-1.4.0.a */ = {isa = PBXFileReference; lastKnownFileType = archive.ar; path = "libUAirship-1.4.0.a"; sourceTree = "<group>"; };
		1AA16DD61796A86E00F59F7C /* UAAppDelegateSurrogate.h */ = {isa = PBXFileReference; fileEncoding = 4; lastKnownFileType = sourcecode.c.h; path = UAAppDelegateSurrogate.h; sourceTree = "<group>"; };
		1AA16DD71796A86E00F59F7C /* UAAppDelegateSurrogate.m */ = {isa = PBXFileReference; fileEncoding = 4; lastKnownFileType = sourcecode.c.objc; path = UAAppDelegateSurrogate.m; sourceTree = "<group>"; };
		1AF827B21796CD2A00588D54 /* AirshipConfig.plist */ = {isa = PBXFileReference; fileEncoding = 4; lastKnownFileType = text.plist.xml; path = AirshipConfig.plist; sourceTree = "<group>"; };
		B31B6D4E15C13D5200854074 /* libForgeModule.a */ = {isa = PBXFileReference; explicitFileType = archive.ar; includeInIndex = 0; path = libForgeModule.a; sourceTree = BUILT_PRODUCTS_DIR; };
		B31B6D5115C13D5200854074 /* Foundation.framework */ = {isa = PBXFileReference; lastKnownFileType = wrapper.framework; name = Foundation.framework; path = System/Library/Frameworks/Foundation.framework; sourceTree = SDKROOT; };
		B31B6D6D15C1467100854074 /* urbanairship.bundle */ = {isa = PBXFileReference; explicitFileType = wrapper.cfbundle; includeInIndex = 0; path = urbanairship.bundle; sourceTree = BUILT_PRODUCTS_DIR; };
		B31B6D6E15C1467100854074 /* CoreFoundation.framework */ = {isa = PBXFileReference; lastKnownFileType = wrapper.framework; name = CoreFoundation.framework; path = System/Library/Frameworks/CoreFoundation.framework; sourceTree = SDKROOT; };
		B37C3A5C162717A200B50A60 /* ForgeCore.framework */ = {isa = PBXFileReference; lastKnownFileType = wrapper.framework; name = ForgeCore.framework; path = ../ForgeCore.framework; sourceTree = "<group>"; };
		B3CC61EF1716ECB500A1A8EF /* urbanairship_API.h */ = {isa = PBXFileReference; fileEncoding = 4; lastKnownFileType = sourcecode.c.h; path = urbanairship_API.h; sourceTree = "<group>"; };
		B3CC61F01716ECB500A1A8EF /* urbanairship_API.m */ = {isa = PBXFileReference; fileEncoding = 4; lastKnownFileType = sourcecode.c.objc; path = urbanairship_API.m; sourceTree = "<group>"; };
		B3CC61F11716ECB500A1A8EF /* urbanairship_EventListener.h */ = {isa = PBXFileReference; fileEncoding = 4; lastKnownFileType = sourcecode.c.h; path = urbanairship_EventListener.h; sourceTree = "<group>"; };
		B3CC61F31716ECBB00A1A8EF /* urbanairship_EventListener.m */ = {isa = PBXFileReference; fileEncoding = 4; lastKnownFileType = sourcecode.c.objc; path = urbanairship_EventListener.m; sourceTree = "<group>"; };
		B3FC51F715C151E5003574D9 /* UIKit.framework */ = {isa = PBXFileReference; lastKnownFileType = wrapper.framework; name = UIKit.framework; path = System/Library/Frameworks/UIKit.framework; sourceTree = SDKROOT; };
		B3FC51FE15C1523D003574D9 /* CoreGraphics.framework */ = {isa = PBXFileReference; lastKnownFileType = wrapper.framework; name = CoreGraphics.framework; path = System/Library/Frameworks/CoreGraphics.framework; sourceTree = SDKROOT; };
		B3FC524115C177EA003574D9 /* AssetsLibrary.framework */ = {isa = PBXFileReference; lastKnownFileType = wrapper.framework; name = AssetsLibrary.framework; path = System/Library/Frameworks/AssetsLibrary.framework; sourceTree = SDKROOT; };
		B3FC524715C17B2C003574D9 /* SystemConfiguration.framework */ = {isa = PBXFileReference; lastKnownFileType = wrapper.framework; name = SystemConfiguration.framework; path = System/Library/Frameworks/SystemConfiguration.framework; sourceTree = SDKROOT; };
/* End PBXFileReference section */

/* Begin PBXFrameworksBuildPhase section */
		B31B6D4B15C13D5200854074 /* Frameworks */ = {
			isa = PBXFrameworksBuildPhase;
			buildActionMask = 2147483647;
			files = (
				B3FC524815C17B2C003574D9 /* SystemConfiguration.framework in Frameworks */,
				B3FC524215C177EA003574D9 /* AssetsLibrary.framework in Frameworks */,
				B3FC51FF15C1523D003574D9 /* CoreGraphics.framework in Frameworks */,
				B3FC51F815C151E5003574D9 /* UIKit.framework in Frameworks */,
				B31B6D5215C13D5200854074 /* Foundation.framework in Frameworks */,
				B37C3A5D162717A200B50A60 /* ForgeCore.framework in Frameworks */,
				1AA16DD81796A86E00F59F7C /* libUAirship-1.4.0.a in Frameworks */,
			);
			runOnlyForDeploymentPostprocessing = 0;
		};
		B31B6D6A15C1467100854074 /* Frameworks */ = {
			isa = PBXFrameworksBuildPhase;
			buildActionMask = 2147483647;
			files = (
				B31B6D6F15C1467100854074 /* CoreFoundation.framework in Frameworks */,
			);
			runOnlyForDeploymentPostprocessing = 0;
		};
/* End PBXFrameworksBuildPhase section */

/* Begin PBXGroup section */
		1AA16D761796A86E00F59F7C /* Airship */ = {
			isa = PBXGroup;
			children = (
				1AA16D771796A86E00F59F7C /* Common */,
				1AA16D931796A86E00F59F7C /* External */,
				1AA16DB41796A86E00F59F7C /* Library */,
				1AA16DD51796A86E00F59F7C /* libUAirship-1.4.0.a */,
			);
			path = Airship;
			sourceTree = "<group>";
		};
		1AA16D771796A86E00F59F7C /* Common */ = {
			isa = PBXGroup;
			children = (
				1AA16D781796A86E00F59F7C /* UAAnalytics.h */,
				1AA16D791796A86E00F59F7C /* UAAnalyticsDBManager.h */,
				1AA16D7A1796A86E00F59F7C /* UAAsycImageView.h */,
				1AA16D7B1796A86E00F59F7C /* UABarButtonSegmentedControl.h */,
				1AA16D7C1796A86E00F59F7C /* UABaseLocationProvider.h */,
				1AA16D7D1796A86E00F59F7C /* UAContentURLCache.h */,
				1AA16D7E1796A86E00F59F7C /* UADateUtils.h */,
				1AA16D7F1796A86E00F59F7C /* UADownloadContent.h */,
				1AA16D801796A86E00F59F7C /* UADownloadManager.h */,
				1AA16D811796A86E00F59F7C /* UAEvent.h */,
				1AA16D821796A86E00F59F7C /* UAGlobal.h */,
				1AA16D831796A86E00F59F7C /* UAHTTPConnection.h */,
				1AA16D841796A86E00F59F7C /* UAKeychainUtils.h */,
				1AA16D851796A86E00F59F7C /* UALocalStorageDirectory.h */,
				1AA16D861796A86E00F59F7C /* UALocationCommonValues.h */,
				1AA16D871796A86E00F59F7C /* UALocationEvent.h */,
				1AA16D881796A86E00F59F7C /* UALocationProviderDelegate.h */,
				1AA16D891796A86E00F59F7C /* UALocationProviderProtocol.h */,
				1AA16D8A1796A86E00F59F7C /* UALocationService.h */,
				1AA16D8B1796A86E00F59F7C /* UAObservable.h */,
				1AA16D8C1796A86E00F59F7C /* UASignificantChangeProvider.h */,
				1AA16D8D1796A86E00F59F7C /* UASQLite.h */,
				1AA16D8E1796A86E00F59F7C /* UAStandardLocationProvider.h */,
				1AA16D8F1796A86E00F59F7C /* UATagUtils.h */,
				1AA16D901796A86E00F59F7C /* UAUser.h */,
				1AA16D911796A86E00F59F7C /* UAUtils.h */,
				1AA16D921796A86E00F59F7C /* UAViewUtils.h */,
			);
			path = Common;
			sourceTree = "<group>";
		};
		1AA16D931796A86E00F59F7C /* External */ = {
			isa = PBXGroup;
			children = (
				1AA16D941796A86E00F59F7C /* UA_asi-http-request */,
				1AA16DA11796A86E00F59F7C /* UA_Base64.h */,
				1AA16DA21796A86E00F59F7C /* UA_fmdb */,
				1AA16DA51796A86E00F59F7C /* UA_json-framework */,
				1AA16DAA1796A86E00F59F7C /* UA_Reachability.h */,
				1AA16DAB1796A86E00F59F7C /* UA_ZipFile-OC */,
			);
			path = External;
			sourceTree = "<group>";
		};
		1AA16D941796A86E00F59F7C /* UA_asi-http-request */ = {
			isa = PBXGroup;
			children = (
				1AA16D951796A86E00F59F7C /* UA_ASIAuthenticationDialog.h */,
				1AA16D961796A86E00F59F7C /* UA_ASICacheDelegate.h */,
				1AA16D971796A86E00F59F7C /* UA_ASIDataCompressor.h */,
				1AA16D981796A86E00F59F7C /* UA_ASIDataDecompressor.h */,
				1AA16D991796A86E00F59F7C /* UA_ASIDownloadCache.h */,
				1AA16D9A1796A86E00F59F7C /* UA_ASIFormDataRequest.h */,
				1AA16D9B1796A86E00F59F7C /* UA_ASIHTTPRequest.h */,
				1AA16D9C1796A86E00F59F7C /* UA_ASIHTTPRequestConfig.h */,
				1AA16D9D1796A86E00F59F7C /* UA_ASIHTTPRequestDelegate.h */,
				1AA16D9E1796A86E00F59F7C /* UA_ASIInputStream.h */,
				1AA16D9F1796A86E00F59F7C /* UA_ASINetworkQueue.h */,
				1AA16DA01796A86E00F59F7C /* UA_ASIProgressDelegate.h */,
			);
			path = "UA_asi-http-request";
			sourceTree = "<group>";
		};
		1AA16DA21796A86E00F59F7C /* UA_fmdb */ = {
			isa = PBXGroup;
			children = (
				1AA16DA31796A86E00F59F7C /* UA_FMDatabase.h */,
				1AA16DA41796A86E00F59F7C /* UA_FMResultSet.h */,
			);
			path = UA_fmdb;
			sourceTree = "<group>";
		};
		1AA16DA51796A86E00F59F7C /* UA_json-framework */ = {
			isa = PBXGroup;
			children = (
				1AA16DA61796A86E00F59F7C /* UA_SBJSON.h */,
				1AA16DA71796A86E00F59F7C /* UA_SBJsonBase.h */,
				1AA16DA81796A86E00F59F7C /* UA_SBJsonParser.h */,
				1AA16DA91796A86E00F59F7C /* UA_SBJsonWriter.h */,
			);
			path = "UA_json-framework";
			sourceTree = "<group>";
		};
		1AA16DAB1796A86E00F59F7C /* UA_ZipFile-OC */ = {
			isa = PBXGroup;
			children = (
				1AA16DAC1796A86E00F59F7C /* UA_crypt.h */,
				1AA16DAD1796A86E00F59F7C /* UA_minizip */,
				1AA16DB31796A86E00F59F7C /* UA_ZipArchive.h */,
			);
			path = "UA_ZipFile-OC";
			sourceTree = "<group>";
		};
		1AA16DAD1796A86E00F59F7C /* UA_minizip */ = {
			isa = PBXGroup;
			children = (
				1AA16DAE1796A86E00F59F7C /* UA_ioapi.h */,
				1AA16DAF1796A86E00F59F7C /* UA_mztools.h */,
				1AA16DB01796A86E00F59F7C /* UA_unzip.h */,
				1AA16DB11796A86E00F59F7C /* UA_zconf.h */,
				1AA16DB21796A86E00F59F7C /* UA_zip.h */,
			);
			path = UA_minizip;
			sourceTree = "<group>";
		};
		1AA16DB41796A86E00F59F7C /* Library */ = {
			isa = PBXGroup;
			children = (
				1AA16DB51796A86E00F59F7C /* AirshipLib */,
				1AA16DB71796A86E00F59F7C /* InboxLib */,
				1AA16DC01796A86E00F59F7C /* PushLib */,
				1AA16DC21796A86E00F59F7C /* StoreFrontLib */,
				1AA16DCA1796A86E00F59F7C /* SubscriptionLib */,
			);
			path = Library;
			sourceTree = "<group>";
		};
		1AA16DB51796A86E00F59F7C /* AirshipLib */ = {
			isa = PBXGroup;
			children = (
				1AA16DB61796A86E00F59F7C /* UAirship.h */,
			);
			path = AirshipLib;
			sourceTree = "<group>";
		};
		1AA16DB71796A86E00F59F7C /* InboxLib */ = {
			isa = PBXGroup;
			children = (
				1AA16DB81796A86E00F59F7C /* UAInbox.h */,
				1AA16DB91796A86E00F59F7C /* UAInboxDBManager.h */,
				1AA16DBA1796A86E00F59F7C /* UAInboxDefaultJSDelegate.h */,
				1AA16DBB1796A86E00F59F7C /* UAInboxMessage.h */,
				1AA16DBC1796A86E00F59F7C /* UAInboxMessageList.h */,
				1AA16DBD1796A86E00F59F7C /* UAInboxMessageListObserver.h */,
				1AA16DBE1796A86E00F59F7C /* UAInboxPushHandler.h */,
				1AA16DBF1796A86E00F59F7C /* UAInboxURLCache.h */,
			);
			path = InboxLib;
			sourceTree = "<group>";
		};
		1AA16DC01796A86E00F59F7C /* PushLib */ = {
			isa = PBXGroup;
			children = (
				1AA16DC11796A86E00F59F7C /* UAPush.h */,
			);
			path = PushLib;
			sourceTree = "<group>";
		};
		1AA16DC21796A86E00F59F7C /* StoreFrontLib */ = {
			isa = PBXGroup;
			children = (
				1AA16DC31796A86E00F59F7C /* UAInventory.h */,
				1AA16DC41796A86E00F59F7C /* UAProduct.h */,
				1AA16DC51796A86E00F59F7C /* UAStoreFront.h */,
				1AA16DC61796A86E00F59F7C /* UAStoreFrontAlertProtocol.h */,
				1AA16DC71796A86E00F59F7C /* UAStoreFrontDelegate.h */,
				1AA16DC81796A86E00F59F7C /* UAStoreFrontDownloadManager.h */,
				1AA16DC91796A86E00F59F7C /* UAStoreKitObserver.h */,
			);
			path = StoreFrontLib;
			sourceTree = "<group>";
		};
		1AA16DCA1796A86E00F59F7C /* SubscriptionLib */ = {
			isa = PBXGroup;
			children = (
				1AA16DCB1796A86E00F59F7C /* UAContentInventory.h */,
				1AA16DCC1796A86E00F59F7C /* UAProductInventory.h */,
				1AA16DCD1796A86E00F59F7C /* UASubscription.h */,
				1AA16DCE1796A86E00F59F7C /* UASubscriptionAlertProtocol.h */,
				1AA16DCF1796A86E00F59F7C /* UASubscriptionContent.h */,
				1AA16DD01796A86E00F59F7C /* UASubscriptionDownloadManager.h */,
				1AA16DD11796A86E00F59F7C /* UASubscriptionInventory.h */,
				1AA16DD21796A86E00F59F7C /* UASubscriptionManager.h */,
				1AA16DD31796A86E00F59F7C /* UASubscriptionObserver.h */,
				1AA16DD41796A86E00F59F7C /* UASubscriptionProduct.h */,
			);
			path = SubscriptionLib;
			sourceTree = "<group>";
		};
		B31B6D4315C13D5200854074 = {
			isa = PBXGroup;
			children = (
				1AA16D761796A86E00F59F7C /* Airship */,
				1AA16DD61796A86E00F59F7C /* UAAppDelegateSurrogate.h */,
				1AF827B21796CD2A00588D54 /* AirshipConfig.plist */,
				1AA16DD71796A86E00F59F7C /* UAAppDelegateSurrogate.m */,
				B3CC61EF1716ECB500A1A8EF /* urbanairship_API.h */,
				B3CC61F01716ECB500A1A8EF /* urbanairship_API.m */,
				B3CC61F11716ECB500A1A8EF /* urbanairship_EventListener.h */,
				B3CC61F31716ECBB00A1A8EF /* urbanairship_EventListener.m */,
				B31B6D5015C13D5200854074 /* Frameworks */,
				B31B6D4F15C13D5200854074 /* Products */,
			);
			sourceTree = "<group>";
		};
		B31B6D4F15C13D5200854074 /* Products */ = {
			isa = PBXGroup;
			children = (
				B31B6D4E15C13D5200854074 /* libForgeModule.a */,
				B31B6D6D15C1467100854074 /* urbanairship.bundle */,
			);
			name = Products;
			sourceTree = "<group>";
		};
		B31B6D5015C13D5200854074 /* Frameworks */ = {
			isa = PBXGroup;
			children = (
				B37C3A5C162717A200B50A60 /* ForgeCore.framework */,
				B3FC524715C17B2C003574D9 /* SystemConfiguration.framework */,
				B3FC524115C177EA003574D9 /* AssetsLibrary.framework */,
				B3FC51FE15C1523D003574D9 /* CoreGraphics.framework */,
				B3FC51F715C151E5003574D9 /* UIKit.framework */,
				B31B6D5115C13D5200854074 /* Foundation.framework */,
				B31B6D6E15C1467100854074 /* CoreFoundation.framework */,
			);
			name = Frameworks;
			sourceTree = "<group>";
		};
/* End PBXGroup section */

/* Begin PBXNativeTarget section */
		B31B6D4D15C13D5200854074 /* ForgeModule */ = {
			isa = PBXNativeTarget;
			buildConfigurationList = B31B6D5C15C13D5200854074 /* Build configuration list for PBXNativeTarget "ForgeModule" */;
			buildPhases = (
				B31B6D4A15C13D5200854074 /* Sources */,
				B31B6D4B15C13D5200854074 /* Frameworks */,
			);
			buildRules = (
			);
			dependencies = (
			);
			name = ForgeModule;
			productName = ForgeCore;
			productReference = B31B6D4E15C13D5200854074 /* libForgeModule.a */;
			productType = "com.apple.product-type.library.static";
		};
		B31B6D6C15C1467100854074 /* ForgeModuleResources */ = {
			isa = PBXNativeTarget;
			buildConfigurationList = B31B6D7715C1467100854074 /* Build configuration list for PBXNativeTarget "ForgeModuleResources" */;
			buildPhases = (
				B31B6D6915C1467100854074 /* Sources */,
				B31B6D6A15C1467100854074 /* Frameworks */,
				B31B6D6B15C1467100854074 /* Resources */,
			);
			buildRules = (
			);
			dependencies = (
			);
			name = ForgeModuleResources;
			productName = ForgeCoreResources;
			productReference = B31B6D6D15C1467100854074 /* urbanairship.bundle */;
			productType = "com.apple.product-type.bundle";
		};
/* End PBXNativeTarget section */

/* Begin PBXProject section */
		B31B6D4515C13D5200854074 /* Project object */ = {
			isa = PBXProject;
			attributes = {
				LastUpgradeCheck = 0460;
				ORGANIZATIONNAME = "Trigger Corp";
			};
			buildConfigurationList = B31B6D4815C13D5200854074 /* Build configuration list for PBXProject "ForgeModule" */;
			compatibilityVersion = "Xcode 3.2";
			developmentRegion = English;
			hasScannedForEncodings = 0;
			knownRegions = (
				en,
			);
			mainGroup = B31B6D4315C13D5200854074;
			productRefGroup = B31B6D4F15C13D5200854074 /* Products */;
			projectDirPath = "";
			projectRoot = "";
			targets = (
				B31B6D4D15C13D5200854074 /* ForgeModule */,
				B31B6D6C15C1467100854074 /* ForgeModuleResources */,
			);
		};
/* End PBXProject section */

/* Begin PBXResourcesBuildPhase section */
		B31B6D6B15C1467100854074 /* Resources */ = {
			isa = PBXResourcesBuildPhase;
			buildActionMask = 2147483647;
			files = (
				1AF827B31796CD2A00588D54 /* AirshipConfig.plist in Resources */,
			);
			runOnlyForDeploymentPostprocessing = 0;
		};
/* End PBXResourcesBuildPhase section */

/* Begin PBXSourcesBuildPhase section */
		B31B6D4A15C13D5200854074 /* Sources */ = {
			isa = PBXSourcesBuildPhase;
			buildActionMask = 2147483647;
			files = (
				B3CC61F21716ECB500A1A8EF /* urbanairship_API.m in Sources */,
				B3CC61F41716ECBB00A1A8EF /* urbanairship_EventListener.m in Sources */,
				1AA16DD91796A86E00F59F7C /* UAAppDelegateSurrogate.m in Sources */,
			);
			runOnlyForDeploymentPostprocessing = 0;
		};
		B31B6D6915C1467100854074 /* Sources */ = {
			isa = PBXSourcesBuildPhase;
			buildActionMask = 2147483647;
			files = (
			);
			runOnlyForDeploymentPostprocessing = 0;
		};
/* End PBXSourcesBuildPhase section */

/* Begin XCBuildConfiguration section */
		B31B6D5A15C13D5200854074 /* Debug */ = {
			isa = XCBuildConfiguration;
			buildSettings = {
				ALWAYS_SEARCH_USER_PATHS = YES;
				ARCHS = "$(ARCHS_STANDARD_32_BIT)";
				CLANG_CXX_LANGUAGE_STANDARD = "gnu++0x";
				CLANG_ENABLE_OBJC_ARC = YES;
				CLANG_WARN_CONSTANT_CONVERSION = YES;
				CLANG_WARN_ENUM_CONVERSION = YES;
				CLANG_WARN_INT_CONVERSION = YES;
				CLANG_WARN__DUPLICATE_METHOD_MATCH = YES;
				COPY_PHASE_STRIP = NO;
				GCC_C_LANGUAGE_STANDARD = gnu99;
				GCC_DYNAMIC_NO_PIC = NO;
				GCC_OPTIMIZATION_LEVEL = 0;
				GCC_PREPROCESSOR_DEFINITIONS = (
					"DEBUG=1",
					"$(inherited)",
				);
				GCC_SYMBOLS_PRIVATE_EXTERN = NO;
				GCC_VERSION = com.apple.compilers.llvm.clang.1_0;
				GCC_WARN_ABOUT_RETURN_TYPE = YES;
				GCC_WARN_UNINITIALIZED_AUTOS = YES;
				GCC_WARN_UNUSED_VARIABLE = YES;
				IPHONEOS_DEPLOYMENT_TARGET = 4.3;
				SDKROOT = iphoneos;
			};
			name = Debug;
		};
		B31B6D5B15C13D5200854074 /* Release */ = {
			isa = XCBuildConfiguration;
			buildSettings = {
				ALWAYS_SEARCH_USER_PATHS = YES;
				ARCHS = "$(ARCHS_STANDARD_32_BIT)";
				CLANG_CXX_LANGUAGE_STANDARD = "gnu++0x";
				CLANG_ENABLE_OBJC_ARC = YES;
				CLANG_WARN_CONSTANT_CONVERSION = YES;
				CLANG_WARN_ENUM_CONVERSION = YES;
				CLANG_WARN_INT_CONVERSION = YES;
				CLANG_WARN__DUPLICATE_METHOD_MATCH = YES;
				COPY_PHASE_STRIP = YES;
				GCC_C_LANGUAGE_STANDARD = gnu99;
				GCC_VERSION = com.apple.compilers.llvm.clang.1_0;
				GCC_WARN_ABOUT_RETURN_TYPE = YES;
				GCC_WARN_UNINITIALIZED_AUTOS = YES;
				GCC_WARN_UNUSED_VARIABLE = YES;
				IPHONEOS_DEPLOYMENT_TARGET = 4.3;
				SDKROOT = iphoneos;
				VALIDATE_PRODUCT = YES;
			};
			name = Release;
		};
		B31B6D5D15C13D5200854074 /* Debug */ = {
			isa = XCBuildConfiguration;
			buildSettings = {
				COPY_PHASE_STRIP = NO;
				DEAD_CODE_STRIPPING = NO;
				FRAMEWORK_SEARCH_PATHS = (
					"$(inherited)",
					"\"$(SRCROOT)\"",
					"\"$(SRCROOT)/..\"",
				);
				GCC_PRECOMPILE_PREFIX_HEADER = YES;
				GCC_PREFIX_HEADER = "ForgeModule-Prefix.pch";
				HEADER_SEARCH_PATHS = "./**";
				LIBRARY_SEARCH_PATHS = (
					"$(inherited)",
					"\"$(SRCROOT)/Airship\"",
				);
				OTHER_LDFLAGS = "-ObjC";
				PRODUCT_NAME = "$(TARGET_NAME)";
				SDKROOT = iphoneos;
				SKIP_INSTALL = YES;
				STRIP_STYLE = "non-global";
			};
			name = Debug;
		};
		B31B6D5E15C13D5200854074 /* Release */ = {
			isa = XCBuildConfiguration;
			buildSettings = {
				COPY_PHASE_STRIP = NO;
				DEAD_CODE_STRIPPING = NO;
				FRAMEWORK_SEARCH_PATHS = (
					"$(inherited)",
					"\"$(SRCROOT)\"",
					"\"$(SRCROOT)/..\"",
				);
				GCC_PRECOMPILE_PREFIX_HEADER = YES;
				GCC_PREFIX_HEADER = "ForgeModule-Prefix.pch";
				HEADER_SEARCH_PATHS = "./**";
				LIBRARY_SEARCH_PATHS = (
					"$(inherited)",
					"\"$(SRCROOT)/Airship\"",
				);
				OTHER_LDFLAGS = "-ObjC";
				PRODUCT_NAME = "$(TARGET_NAME)";
				SDKROOT = iphoneos;
				SKIP_INSTALL = YES;
				STRIP_STYLE = "non-global";
			};
			name = Release;
		};
		B31B6D7815C1467100854074 /* Debug */ = {
			isa = XCBuildConfiguration;
			buildSettings = {
				ARCHS = "$(ARCHS_STANDARD_32_BIT)";
				FRAMEWORK_SEARCH_PATHS = (
					"$(inherited)",
					"\"$(SRCROOT)\"",
				);
				GCC_ENABLE_OBJC_EXCEPTIONS = YES;
				GCC_PRECOMPILE_PREFIX_HEADER = YES;
				GCC_PREFIX_HEADER = "";
				GCC_WARN_64_TO_32_BIT_CONVERSION = YES;
				INFOPLIST_FILE = "";
				INSTALL_PATH = "$(LOCAL_LIBRARY_DIR)/Bundles";
				MACOSX_DEPLOYMENT_TARGET = 10.7;
				ONLY_ACTIVE_ARCH = NO;
				PRODUCT_NAME = urbanairship;
				SDKROOT = iphoneos;
				WRAPPER_EXTENSION = bundle;
			};
			name = Debug;
		};
		B31B6D7915C1467100854074 /* Release */ = {
			isa = XCBuildConfiguration;
			buildSettings = {
				ARCHS = "$(ARCHS_STANDARD_32_BIT)";
				DEBUG_INFORMATION_FORMAT = "dwarf-with-dsym";
				FRAMEWORK_SEARCH_PATHS = (
					"$(inherited)",
					"\"$(SRCROOT)\"",
				);
				GCC_ENABLE_OBJC_EXCEPTIONS = YES;
				GCC_PRECOMPILE_PREFIX_HEADER = YES;
				GCC_PREFIX_HEADER = "";
				GCC_WARN_64_TO_32_BIT_CONVERSION = YES;
				INFOPLIST_FILE = "";
				INSTALL_PATH = "$(LOCAL_LIBRARY_DIR)/Bundles";
				MACOSX_DEPLOYMENT_TARGET = 10.7;
				ONLY_ACTIVE_ARCH = NO;
				PRODUCT_NAME = urbanairship;
				SDKROOT = iphoneos;
				WRAPPER_EXTENSION = bundle;
			};
			name = Release;
		};
/* End XCBuildConfiguration section */

/* Begin XCConfigurationList section */
		B31B6D4815C13D5200854074 /* Build configuration list for PBXProject "ForgeModule" */ = {
			isa = XCConfigurationList;
			buildConfigurations = (
				B31B6D5A15C13D5200854074 /* Debug */,
				B31B6D5B15C13D5200854074 /* Release */,
			);
			defaultConfigurationIsVisible = 0;
			defaultConfigurationName = Release;
		};
		B31B6D5C15C13D5200854074 /* Build configuration list for PBXNativeTarget "ForgeModule" */ = {
			isa = XCConfigurationList;
			buildConfigurations = (
				B31B6D5D15C13D5200854074 /* Debug */,
				B31B6D5E15C13D5200854074 /* Release */,
			);
			defaultConfigurationIsVisible = 0;
			defaultConfigurationName = Release;
		};
		B31B6D7715C1467100854074 /* Build configuration list for PBXNativeTarget "ForgeModuleResources" */ = {
			isa = XCConfigurationList;
			buildConfigurations = (
				B31B6D7815C1467100854074 /* Debug */,
				B31B6D7915C1467100854074 /* Release */,
			);
			defaultConfigurationIsVisible = 0;
			defaultConfigurationName = Release;
		};
/* End XCConfigurationList section */
	};
	rootObject = B31B6D4515C13D5200854074 /* Project object */;
}
